
Microsoft Visual Studio Solution File, Format Version 12.00
Project("{FAE04EC0-301F-11D3-BF4B-00C04F79EFBC}") = "CoP.Demo.EF", "CoP.Demo.EF\CoP.Demo.EF.csproj", "{8296A81E-34D2-44B7-B622-47D77C46C960}"
EndProject
Global
	GlobalSection(SolutionConfigurationPlatforms) = preSolution
		Debug|Any CPU = Debug|Any CPU
		Release|Any CPU = Release|Any CPU
	EndGlobalSection
	GlobalSection(ProjectConfigurationPlatforms) = postSolution
		{8296A81E-34D2-44B7-B622-47D77C46C960}.Debug|Any CPU.ActiveCfg = Debug|Any CPU
		{8296A81E-34D2-44B7-B622-47D77C46C960}.Debug|Any CPU.Build.0 = Debug|Any CPU
		{8296A81E-34D2-44B7-B622-47D77C46C960}.Release|Any CPU.ActiveCfg = Release|Any CPU
		{8296A81E-34D2-44B7-B622-47D77C46C960}.Release|Any CPU.Build.0 = Release|Any CPU
	EndGlobalSection
	GlobalSection(NestedProjects) = preSolution
	EndGlobalSection
EndGlobal
